// !$*UTF8*$!
{
	archiveVersion = 1;
	classes = {
	};
	objectVersion = 46;
	objects = {

/* Begin PBXBuildFile section */
		55A1C10B1B2C80E700E8E499 /* AppDelegate.swift in Sources */ = {isa = PBXBuildFile; fileRef = 55A1C10A1B2C80E700E8E499 /* AppDelegate.swift */; };
		55A1C10D1B2C80E700E8E499 /* ViewController.swift in Sources */ = {isa = PBXBuildFile; fileRef = 55A1C10C1B2C80E700E8E499 /* ViewController.swift */; };
		55A1C1101B2C80E700E8E499 /* Main.storyboard in Resources */ = {isa = PBXBuildFile; fileRef = 55A1C10E1B2C80E700E8E499 /* Main.storyboard */; };
		55A1C1121B2C80E700E8E499 /* Images.xcassets in Resources */ = {isa = PBXBuildFile; fileRef = 55A1C1111B2C80E700E8E499 /* Images.xcassets */; };
		55A1C1151B2C80E700E8E499 /* LaunchScreen.xib in Resources */ = {isa = PBXBuildFile; fileRef = 55A1C1131B2C80E700E8E499 /* LaunchScreen.xib */; };
		55A1C1211B2C80E700E8E499 /* bltForSwiftTests.swift in Sources */ = {isa = PBXBuildFile; fileRef = 55A1C1201B2C80E700E8E499 /* bltForSwiftTests.swift */; };
		55A1C12D1B2C83E200E8E499 /* CoreBluetooth.framework in Frameworks */ = {isa = PBXBuildFile; fileRef = 55A1C12C1B2C83E200E8E499 /* CoreBluetooth.framework */; };
/* End PBXBuildFile section */

/* Begin PBXContainerItemProxy section */
		55A1C11B1B2C80E700E8E499 /* PBXContainerItemProxy */ = {
			isa = PBXContainerItemProxy;
			containerPortal = 55A1C0FD1B2C80E700E8E499 /* Project object */;
			proxyType = 1;
			remoteGlobalIDString = 55A1C1041B2C80E700E8E499;
			remoteInfo = bltForSwift;
		};
/* End PBXContainerItemProxy section */

/* Begin PBXFileReference section */
		55A1C1051B2C80E700E8E499 /* bltForSwift.app */ = {isa = PBXFileReference; explicitFileType = wrapper.application; includeInIndex = 0; path = bltForSwift.app; sourceTree = BUILT_PRODUCTS_DIR; };
		55A1C1091B2C80E700E8E499 /* Info.plist */ = {isa = PBXFileReference; lastKnownFileType = text.plist.xml; path = Info.plist; sourceTree = "<group>"; };
		55A1C10A1B2C80E700E8E499 /* AppDelegate.swift */ = {isa = PBXFileReference; lastKnownFileType = sourcecode.swift; path = AppDelegate.swift; sourceTree = "<group>"; };
		55A1C10C1B2C80E700E8E499 /* ViewController.swift */ = {isa = PBXFileReference; lastKnownFileType = sourcecode.swift; path = ViewController.swift; sourceTree = "<group>"; };
		55A1C10F1B2C80E700E8E499 /* Base */ = {isa = PBXFileReference; lastKnownFileType = file.storyboard; name = Base; path = Base.lproj/Main.storyboard; sourceTree = "<group>"; };
		55A1C1111B2C80E700E8E499 /* Images.xcassets */ = {isa = PBXFileReference; lastKnownFileType = folder.assetcatalog; path = Images.xcassets; sourceTree = "<group>"; };
		55A1C1141B2C80E700E8E499 /* Base */ = {isa = PBXFileReference; lastKnownFileType = file.xib; name = Base; path = Base.lproj/LaunchScreen.xib; sourceTree = "<group>"; };
		55A1C11A1B2C80E700E8E499 /* bltForSwiftTests.xctest */ = {isa = PBXFileReference; explicitFileType = wrapper.cfbundle; includeInIndex = 0; path = bltForSwiftTests.xctest; sourceTree = BUILT_PRODUCTS_DIR; };
		55A1C11F1B2C80E700E8E499 /* Info.plist */ = {isa = PBXFileReference; lastKnownFileType = text.plist.xml; path = Info.plist; sourceTree = "<group>"; };
		55A1C1201B2C80E700E8E499 /* bltForSwiftTests.swift */ = {isa = PBXFileReference; lastKnownFileType = sourcecode.swift; path = bltForSwiftTests.swift; sourceTree = "<group>"; };
		55A1C12C1B2C83E200E8E499 /* CoreBluetooth.framework */ = {isa = PBXFileReference; lastKnownFileType = wrapper.framework; name = CoreBluetooth.framework; path = System/Library/Frameworks/CoreBluetooth.framework; sourceTree = SDKROOT; };
/* End PBXFileReference section */

/* Begin PBXFrameworksBuildPhase section */
		55A1C1021B2C80E700E8E499 /* Frameworks */ = {
			isa = PBXFrameworksBuildPhase;
			buildActionMask = 2147483647;
			files = (
				55A1C12D1B2C83E200E8E499 /* CoreBluetooth.framework in Frameworks */,
			);
			runOnlyForDeploymentPostprocessing = 0;
		};
		55A1C1171B2C80E700E8E499 /* Frameworks */ = {
			isa = PBXFrameworksBuildPhase;
			buildActionMask = 2147483647;
			files = (
			);
			runOnlyForDeploymentPostprocessing = 0;
		};
/* End PBXFrameworksBuildPhase section */

/* Begin PBXGroup section */
		55A1C0FC1B2C80E700E8E499 = {
			isa = PBXGroup;
			children = (
				55A1C12C1B2C83E200E8E499 /* CoreBluetooth.framework */,
				55A1C1071B2C80E700E8E499 /* bltForSwift */,
				55A1C11D1B2C80E700E8E499 /* bltForSwiftTests */,
				55A1C1061B2C80E700E8E499 /* Products */,
			);
			sourceTree = "<group>";
		};
		55A1C1061B2C80E700E8E499 /* Products */ = {
			isa = PBXGroup;
			children = (
				55A1C1051B2C80E700E8E499 /* bltForSwift.app */,
				55A1C11A1B2C80E700E8E499 /* bltForSwiftTests.xctest */,
			);
			name = Products;
			sourceTree = "<group>";
		};
		55A1C1071B2C80E700E8E499 /* bltForSwift */ = {
			isa = PBXGroup;
			children = (
				55A1C10A1B2C80E700E8E499 /* AppDelegate.swift */,
				55A1C10C1B2C80E700E8E499 /* ViewController.swift */,
				55A1C10E1B2C80E700E8E499 /* Main.storyboard */,
				55A1C1111B2C80E700E8E499 /* Images.xcassets */,
				55A1C1131B2C80E700E8E499 /* LaunchScreen.xib */,
				55A1C1081B2C80E700E8E499 /* Supporting Files */,
			);
			path = bltForSwift;
			sourceTree = "<group>";
		};
		55A1C1081B2C80E700E8E499 /* Supporting Files */ = {
			isa = PBXGroup;
			children = (
				55A1C1091B2C80E700E8E499 /* Info.plist */,
			);
			name = "Supporting Files";
			sourceTree = "<group>";
		};
		55A1C11D1B2C80E700E8E499 /* bltForSwiftTests */ = {
			isa = PBXGroup;
			children = (
				55A1C1201B2C80E700E8E499 /* bltForSwiftTests.swift */,
				55A1C11E1B2C80E700E8E499 /* Supporting Files */,
			);
			path = bltForSwiftTests;
			sourceTree = "<group>";
		};
		55A1C11E1B2C80E700E8E499 /* Supporting Files */ = {
			isa = PBXGroup;
			children = (
				55A1C11F1B2C80E700E8E499 /* Info.plist */,
			);
			name = "Supporting Files";
			sourceTree = "<group>";
		};
/* End PBXGroup section */

/* Begin PBXNativeTarget section */
		55A1C1041B2C80E700E8E499 /* bltForSwift */ = {
			isa = PBXNativeTarget;
			buildConfigurationList = 55A1C1241B2C80E700E8E499 /* Build configuration list for PBXNativeTarget "bltForSwift" */;
			buildPhases = (
				55A1C1011B2C80E700E8E499 /* Sources */,
				55A1C1021B2C80E700E8E499 /* Frameworks */,
				55A1C1031B2C80E700E8E499 /* Resources */,
			);
			buildRules = (
			);
			dependencies = (
			);
			name = bltForSwift;
			productName = bltForSwift;
			productReference = 55A1C1051B2C80E700E8E499 /* bltForSwift.app */;
			productType = "com.apple.product-type.application";
		};
		55A1C1191B2C80E700E8E499 /* bltForSwiftTests */ = {
			isa = PBXNativeTarget;
			buildConfigurationList = 55A1C1271B2C80E700E8E499 /* Build configuration list for PBXNativeTarget "bltForSwiftTests" */;
			buildPhases = (
				55A1C1161B2C80E700E8E499 /* Sources */,
				55A1C1171B2C80E700E8E499 /* Frameworks */,
				55A1C1181B2C80E700E8E499 /* Resources */,
			);
			buildRules = (
			);
			dependencies = (
				55A1C11C1B2C80E700E8E499 /* PBXTargetDependency */,
			);
			name = bltForSwiftTests;
			productName = bltForSwiftTests;
			productReference = 55A1C11A1B2C80E700E8E499 /* bltForSwiftTests.xctest */;
			productType = "com.apple.product-type.bundle.unit-test";
		};
/* End PBXNativeTarget section */

/* Begin PBXProject section */
		55A1C0FD1B2C80E700E8E499 /* Project object */ = {
			isa = PBXProject;
			attributes = {
				LastUpgradeCheck = 0630;
				ORGANIZATIONNAME = silverk;
				TargetAttributes = {
					55A1C1041B2C80E700E8E499 = {
						CreatedOnToolsVersion = 6.3.2;
					};
					55A1C1191B2C80E700E8E499 = {
						CreatedOnToolsVersion = 6.3.2;
						TestTargetID = 55A1C1041B2C80E700E8E499;
					};
				};
			};
			buildConfigurationList = 55A1C1001B2C80E700E8E499 /* Build configuration list for PBXProject "bltForSwift" */;
			compatibilityVersion = "Xcode 3.2";
			developmentRegion = English;
			hasScannedForEncodings = 0;
			knownRegions = (
				en,
				Base,
			);
			mainGroup = 55A1C0FC1B2C80E700E8E499;
			productRefGroup = 55A1C1061B2C80E700E8E499 /* Products */;
			projectDirPath = "";
			projectRoot = "";
			targets = (
				55A1C1041B2C80E700E8E499 /* bltForSwift */,
				55A1C1191B2C80E700E8E499 /* bltForSwiftTests */,
			);
		};
/* End PBXProject section */

/* Begin PBXResourcesBuildPhase section */
		55A1C1031B2C80E700E8E499 /* Resources */ = {
			isa = PBXResourcesBuildPhase;
			buildActionMask = 2147483647;
			files = (
				55A1C1101B2C80E700E8E499 /* Main.storyboard in Resources */,
				55A1C1151B2C80E700E8E499 /* LaunchScreen.xib in Resources */,
				55A1C1121B2C80E700E8E499 /* Images.xcassets in Resources */,
			);
			runOnlyForDeploymentPostprocessing = 0;
		};
		55A1C1181B2C80E700E8E499 /* Resources */ = {
			isa = PBXResourcesBuildPhase;
			buildActionMask = 2147483647;
			files = (
			);
			runOnlyForDeploymentPostprocessing = 0;
		};
/* End PBXResourcesBuildPhase section */

/* Begin PBXSourcesBuildPhase section */
		55A1C1011B2C80E700E8E499 /* Sources */ = {
			isa = PBXSourcesBuildPhase;
			buildActionMask = 2147483647;
			files = (
				55A1C10D1B2C80E700E8E499 /* ViewController.swift in Sources */,
				55A1C10B1B2C80E700E8E499 /* AppDelegate.swift in Sources */,
			);
			runOnlyForDeploymentPostprocessing = 0;
		};
		55A1C1161B2C80E700E8E499 /* Sources */ = {
			isa = PBXSourcesBuildPhase;
			buildActionMask = 2147483647;
			files = (
				55A1C1211B2C80E700E8E499 /* bltForSwiftTests.swift in Sources */,
			);
			runOnlyForDeploymentPostprocessing = 0;
		};
/* End PBXSourcesBuildPhase section */

/* Begin PBXTargetDependency section */
		55A1C11C1B2C80E700E8E499 /* PBXTargetDependency */ = {
			isa = PBXTargetDependency;
			target = 55A1C1041B2C80E700E8E499 /* bltForSwift */;
			targetProxy = 55A1C11B1B2C80E700E8E499 /* PBXContainerItemProxy */;
		};
/* End PBXTargetDependency section */

/* Begin PBXVariantGroup section */
		55A1C10E1B2C80E700E8E499 /* Main.storyboard */ = {
			isa = PBXVariantGroup;
			children = (
				55A1C10F1B2C80E700E8E499 /* Base */,
			);
			name = Main.storyboard;
			sourceTree = "<group>";
		};
		55A1C1131B2C80E700E8E499 /* LaunchScreen.xib */ = {
			isa = PBXVariantGroup;
			children = (
				55A1C1141B2C80E700E8E499 /* Base */,
			);
			name = LaunchScreen.xib;
			sourceTree = "<group>";
		};
/* End PBXVariantGroup section */

/* Begin XCBuildConfiguration section */
		55A1C1221B2C80E700E8E499 /* Debug */ = {
			isa = XCBuildConfiguration;
			buildSettings = {
				ALWAYS_SEARCH_USER_PATHS = NO;
				CLANG_CXX_LANGUAGE_STANDARD = "gnu++0x";
				CLANG_CXX_LIBRARY = "libc++";
				CLANG_ENABLE_MODULES = YES;
				CLANG_ENABLE_OBJC_ARC = YES;
				CLANG_WARN_BOOL_CONVERSION = YES;
				CLANG_WARN_CONSTANT_CONVERSION = YES;
				CLANG_WARN_DIRECT_OBJC_ISA_USAGE = YES_ERROR;
				CLANG_WARN_EMPTY_BODY = YES;
				CLANG_WARN_ENUM_CONVERSION = YES;
				CLANG_WARN_INT_CONVERSION = YES;
				CLANG_WARN_OBJC_ROOT_CLASS = YES_ERROR;
				CLANG_WARN_UNREACHABLE_CODE = YES;
				CLANG_WARN__DUPLICATE_METHOD_MATCH = YES;
				"CODE_SIGN_IDENTITY[sdk=iphoneos*]" = "iPhone Developer";
				COPY_PHASE_STRIP = NO;
				DEBUG_INFORMATION_FORMAT = "dwarf-with-dsym";
				ENABLE_STRICT_OBJC_MSGSEND = YES;
				GCC_C_LANGUAGE_STANDARD = gnu99;
				GCC_DYNAMIC_NO_PIC = NO;
				GCC_NO_COMMON_BLOCKS = YES;
				GCC_OPTIMIZATION_LEVEL = 0;
				GCC_PREPROCESSOR_DEFINITIONS = (
					"DEBUG=1",
					"$(inherited)",
				);
				GCC_SYMBOLS_PRIVATE_EXTERN = NO;
				GCC_WARN_64_TO_32_BIT_CONVERSION = YES;
				GCC_WARN_ABOUT_RETURN_TYPE = YES_ERROR;
				GCC_WARN_UNDECLARED_SELECTOR = YES;
				GCC_WARN_UNINITIALIZED_AUTOS = YES_AGGRESSIVE;
				GCC_WARN_UNUSED_FUNCTION = YES;
				GCC_WARN_UNUSED_VARIABLE = YES;
				IPHONEOS_DEPLOYMENT_TARGET = 8.3;
				MTL_ENABLE_DEBUG_INFO = YES;
				ONLY_ACTIVE_ARCH = YES;
				SDKROOT = iphoneos;
				SWIFT_OPTIMIZATION_LEVEL = "-Onone";
				TARGETED_DEVICE_FAMILY = "1,2";
			};
			name = Debug;
		};
		55A1C1231B2C80E700E8E499 /* Release */ = {
			isa = XCBuildConfiguration;
			buildSettings = {
				ALWAYS_SEARCH_USER_PATHS = NO;
				CLANG_CXX_LANGUAGE_STANDARD = "gnu++0x";
				CLANG_CXX_LIBRARY = "libc++";
				CLANG_ENABLE_MODULES = YES;
				CLANG_ENABLE_OBJC_ARC = YES;
				CLANG_WARN_BOOL_CONVERSION = YES;
				CLANG_WARN_CONSTANT_CONVERSION = YES;
				CLANG_WARN_DIRECT_OBJC_ISA_USAGE = YES_ERROR;
				CLANG_WARN_EMPTY_BODY = YES;
				CLANG_WARN_ENUM_CONVERSION = YES;
				CLANG_WARN_INT_CONVERSION = YES;
				CLANG_WARN_OBJC_ROOT_CLASS = YES_ERROR;
				CLANG_WARN_UNREACHABLE_CODE = YES;
				CLANG_WARN__DUPLICATE_METHOD_MATCH = YES;
				"CODE_SIGN_IDENTITY[sdk=iphoneos*]" = "iPhone Developer";
				COPY_PHASE_STRIP = NO;
				DEBUG_INFORMATION_FORMAT = "dwarf-with-dsym";
				ENABLE_NS_ASSERTIONS = NO;
				ENABLE_STRICT_OBJC_MSGSEND = YES;
				GCC_C_LANGUAGE_STANDARD = gnu99;
				GCC_NO_COMMON_BLOCKS = YES;
				GCC_WARN_64_TO_32_BIT_CONVERSION = YES;
				GCC_WARN_ABOUT_RETURN_TYPE = YES_ERROR;
				GCC_WARN_UNDECLARED_SELECTOR = YES;
				GCC_WARN_UNINITIALIZED_AUTOS = YES_AGGRESSIVE;
				GCC_WARN_UNUSED_FUNCTION = YES;
				GCC_WARN_UNUSED_VARIABLE = YES;
				IPHONEOS_DEPLOYMENT_TARGET = 8.3;
				MTL_ENABLE_DEBUG_INFO = NO;
				SDKROOT = iphoneos;
				TARGETED_DEVICE_FAMILY = "1,2";
				VALIDATE_PRODUCT = YES;
			};
			name = Release;
		};
		55A1C1251B2C80E700E8E499 /* Debug */ = {
			isa = XCBuildConfiguration;
			buildSettings = {
				ASSETCATALOG_COMPILER_APPICON_NAME = AppIcon;
				INFOPLIST_FILE = bltForSwift/Info.plist;
				LD_RUNPATH_SEARCH_PATHS = "$(inherited) @executable_path/Frameworks";
				PRODUCT_NAME = "$(TARGET_NAME)";
			};
			name = Debug;
		};
		55A1C1261B2C80E700E8E499 /* Release */ = {
			isa = XCBuildConfiguration;
			buildSettings = {
				ASSETCATALOG_COMPILER_APPICON_NAME = AppIcon;
				INFOPLIST_FILE = bltForSwift/Info.plist;
				LD_RUNPATH_SEARCH_PATHS = "$(inherited) @executable_path/Frameworks";
				PRODUCT_NAME = "$(TARGET_NAME)";
			};
			name = Release;
		};
		55A1C1281B2C80E700E8E499 /* Debug */ = {
			isa = XCBuildConfiguration;
			buildSettings = {
				BUNDLE_LOADER = "$(TEST_HOST)";
				FRAMEWORK_SEARCH_PATHS = (
					"$(SDKROOT)/Developer/Library/Frameworks",
					"$(inherited)",
				);
				GCC_PREPROCESSOR_DEFINITIONS = (
					"DEBUG=1",
					"$(inherited)",
				);
				INFOPLIST_FILE = bltForSwiftTests/Info.plist;
				LD_RUNPATH_SEARCH_PATHS = "$(inherited) @executable_path/Frameworks @loader_path/Frameworks";
				PRODUCT_NAME = "$(TARGET_NAME)";
				TEST_HOST = "$(BUILT_PRODUCTS_DIR)/bltForSwift.app/bltForSwift";
			};
			name = Debug;
		};
		55A1C1291B2C80E700E8E499 /* Release */ = {
			isa = XCBuildConfiguration;
			buildSettings = {
				BUNDLE_LOADER = "$(TEST_HOST)";
				FRAMEWORK_SEARCH_PATHS = (
					"$(SDKROOT)/Developer/Library/Frameworks",
					"$(inherited)",
				);
				INFOPLIST_FILE = bltForSwiftTests/Info.plist;
				LD_RUNPATH_SEARCH_PATHS = "$(inherited) @executable_path/Frameworks @loader_path/Frameworks";
				PRODUCT_NAME = "$(TARGET_NAME)";
				TEST_HOST = "$(BUILT_PRODUCTS_DIR)/bltForSwift.app/bltForSwift";
			};
			name = Release;
		};
/* End XCBuildConfiguration section */

/* Begin XCConfigurationList section */
		55A1C1001B2C80E700E8E499 /* Build configuration list for PBXProject "bltForSwift" */ = {
			isa = XCConfigurationList;
			buildConfigurations = (
				55A1C1221B2C80E700E8E499 /* Debug */,
				55A1C1231B2C80E700E8E499 /* Release */,
			);
			defaultConfigurationIsVisible = 0;
			defaultConfigurationName = Release;
		};
		55A1C1241B2C80E700E8E499 /* Build configuration list for PBXNativeTarget "bltForSwift" */ = {
			isa = XCConfigurationList;
			buildConfigurations = (
				55A1C1251B2C80E700E8E499 /* Debug */,
				55A1C1261B2C80E700E8E499 /* Release */,
			);
			defaultConfigurationIsVisible = 0;
		};
		55A1C1271B2C80E700E8E499 /* Build configuration list for PBXNativeTarget "bltForSwiftTests" */ = {
			isa = XCConfigurationList;
			buildConfigurations = (
				55A1C1281B2C80E700E8E499 /* Debug */,
				55A1C1291B2C80E700E8E499 /* Release */,
			);
			defaultConfigurationIsVisible = 0;
		};
/* End XCConfigurationList section */
	};
	rootObject = 55A1C0FD1B2C80E700E8E499 /* Project object */;
}
